{
  "version": 1,
  "dependencies": {
    "net10.0": {
      "prometheus-net.AspNetCore": {
        "type": "Direct",
        "requested": "[8.2.1, )",
        "resolved": "8.2.1",
        "contentHash": "/4TfTvbwIDqpaKTiWvEsjUywiHYF9zZvGZF5sK15avoDsUO/WPQbKsF8TiMaesuphdFQPK2z52P0zk6j26V0rQ==",
        "dependencies": {
          "prometheus-net": "8.2.1"
        }
      },
      "Swashbuckle.AspNetCore.SwaggerGen": {
        "type": "Direct",
        "requested": "[10.2.3, )",
        "resolved": "10.2.3",
        "contentHash": "y7t4coDRAeFYChmvlMRiH2OjbiRrm9AVIDgt17fQfs3x9PVAI5PiwWYOhg+4F13R4Q36WDc9lqfoOnNa3tNbGg==",
        "dependencies": {
          "Swashbuckle.AspNetCore.Swagger": "10.2.3"
        }
      },
      "Swashbuckle.AspNetCore.SwaggerUI": {
        "type": "Direct",
        "requested": "[10.2.3, )",
        "resolved": "10.2.3",
        "contentHash": "nthWONRs/FJ4yyG206g1cC52WEG8EqrjuMWjGdR+5XG7lbjFto6NqcI9EMICgVFom/UivIjUVwI76ZHbHwTPfQ=="
      },
      "Microsoft.OpenApi": {
        "type": "Transitive",
        "resolved": "2.7.5",
        "contentHash": "0FA67RSnRM4tcBKqiqVu/HPdZ9+QOKbmeRjxRUGTCjPU4C0bmUhd97Dso7Yild5P7nOV6GxJ2xrK0Kv/O9xp0w=="
      },
      "prometheus-net": {
        "type": "Transitive",
        "resolved": "8.2.1",
        "contentHash": "3wVgdEPOCBF752s2xps5T+VH+c9mJK8S8GKEDg49084P6JZMumTZI5Te6aJ9MQpX0sx7om6JOnBpIi7ZBmmiDQ=="
      },
      "Swashbuckle.AspNetCore.Swagger": {
        "type": "Transitive",
        "resolved": "10.2.3",
        "contentHash": "1jUUs3WQnrS0FUtaZPLSy1yYMEwS1zlvDmvQ2/eldPHUANX0LJSLVZecCMgSMdeGiRqeaRrIXLtSz++TCiTMww==",
        "dependencies": {
          "Microsoft.OpenApi": "2.7.5"
        }
      }
    }
  }
}